
Microsoft Visual Studio Solution File, Format Version 12.00
# Visual Studio Version 16
VisualStudioVersion = 16.0.32228.343
MinimumVisualStudioVersion = 10.0.40219.1
Project("{9A19103F-16F7-4668-BE54-9A1E7A4F7556}") = "Task", "Task\Task.csproj", "{64FFB306-6731-4B5C-98EA-7C6D141B9036}"
EndProject
Project("{FAE04EC0-301F-11D3-BF4B-00C04F79EFBC}") = "asf saafsd", "..\asf saafsd\asf saafsd\asf saafsd.csproj", "{0B504C77-28ED-40DE-AAD6-6ABE7583A817}"
EndProject
Global
	GlobalSection(SolutionConfigurationPlatforms) = preSolution
		Debug|Any CPU = Debug|Any CPU
		Release|Any CPU = Release|Any CPU
	EndGlobalSection
	GlobalSection(ProjectConfigurationPlatforms) = postSolution
		{64FFB306-6731-4B5C-98EA-7C6D141B9036}.Debug|Any CPU.ActiveCfg = Debug|Any CPU
		{64FFB306-6731-4B5C-98EA-7C6D141B9036}.Debug|Any CPU.Build.0 = Debug|Any CPU
		{64FFB306-6731-4B5C-98EA-7C6D141B9036}.Release|Any CPU.ActiveCfg = Release|Any CPU
		{64FFB306-6731-4B5C-98EA-7C6D141B9036}.Release|Any CPU.Build.0 = Release|Any CPU
		{0B504C77-28ED-40DE-AAD6-6ABE7583A817}.Debug|Any CPU.ActiveCfg = Debug|Any CPU
		{0B504C77-28ED-40DE-AAD6-6ABE7583A817}.Debug|Any CPU.Build.0 = Debug|Any CPU
		{0B504C77-28ED-40DE-AAD6-6ABE7583A817}.Release|Any CPU.ActiveCfg = Release|Any CPU
		{0B504C77-28ED-40DE-AAD6-6ABE7583A817}.Release|Any CPU.Build.0 = Release|Any CPU
	EndGlobalSection
	GlobalSection(SolutionProperties) = preSolution
		HideSolutionNode = FALSE
	EndGlobalSection
	GlobalSection(ExtensibilityGlobals) = postSolution
		SolutionGuid = {6A6EB830-5B33-480E-B925-25932A8BB8B8}
	EndGlobalSection
EndGlobal
